
Microsoft Visual Studio Solution File, Format Version 12.00
# Visual Studio Version 16
VisualStudioVersion = 16.0.29519.181
MinimumVisualStudioVersion = 10.0.40219.1
Project("{FAE04EC0-301F-11D3-BF4B-00C04F79EFBC}") = "example_001", "example_001\example_001.csproj", "{CADB8AEC-40F7-4A87-AA35-CDF3A6570E71}"
EndProject
Global
	GlobalSection(SolutionConfigurationPlatforms) = preSolution
		Debug|Any CPU = Debug|Any CPU
		Release|Any CPU = Release|Any CPU
	EndGlobalSection
	GlobalSection(ProjectConfigurationPlatforms) = postSolution
		{CADB8AEC-40F7-4A87-AA35-CDF3A6570E71}.Debug|Any CPU.ActiveCfg = Debug|Any CPU
		{CADB8AEC-40F7-4A87-AA35-CDF3A6570E71}.Debug|Any CPU.Build.0 = Debug|Any CPU
		{CADB8AEC-40F7-4A87-AA35-CDF3A6570E71}.Release|Any CPU.ActiveCfg = Release|Any CPU
		{CADB8AEC-40F7-4A87-AA35-CDF3A6570E71}.Release|Any CPU.Build.0 = Release|Any CPU
	EndGlobalSection
	GlobalSection(SolutionProperties) = preSolution
		HideSolutionNode = FALSE
	EndGlobalSection
	GlobalSection(ExtensibilityGlobals) = postSolution
		SolutionGuid = {ABC8A712-95F4-4D59-A517-8F9120CB0B93}
	EndGlobalSection
EndGlobal
