
Microsoft Visual Studio Solution File, Format Version 12.00
# Visual Studio Version 16
VisualStudioVersion = 16.0.29519.181
MinimumVisualStudioVersion = 10.0.40219.1
Project("{FAE04EC0-301F-11D3-BF4B-00C04F79EFBC}") = "study_001", "study_001\study_001.csproj", "{CC4CFAD6-B70E-4EAA-AC33-06BB2329FEDB}"
EndProject
Global
	GlobalSection(SolutionConfigurationPlatforms) = preSolution
		Debug|Any CPU = Debug|Any CPU
		Release|Any CPU = Release|Any CPU
	EndGlobalSection
	GlobalSection(ProjectConfigurationPlatforms) = postSolution
		{CC4CFAD6-B70E-4EAA-AC33-06BB2329FEDB}.Debug|Any CPU.ActiveCfg = Debug|Any CPU
		{CC4CFAD6-B70E-4EAA-AC33-06BB2329FEDB}.Debug|Any CPU.Build.0 = Debug|Any CPU
		{CC4CFAD6-B70E-4EAA-AC33-06BB2329FEDB}.Release|Any CPU.ActiveCfg = Release|Any CPU
		{CC4CFAD6-B70E-4EAA-AC33-06BB2329FEDB}.Release|Any CPU.Build.0 = Release|Any CPU
	EndGlobalSection
	GlobalSection(SolutionProperties) = preSolution
		HideSolutionNode = FALSE
	EndGlobalSection
	GlobalSection(ExtensibilityGlobals) = postSolution
		SolutionGuid = {6CF9FA0C-7B37-4DE2-855D-70A9A61B1B84}
	EndGlobalSection
EndGlobal
