
Microsoft Visual Studio Solution File, Format Version 12.00
# Visual Studio Version 16
VisualStudioVersion = 16.0.29519.181
MinimumVisualStudioVersion = 10.0.40219.1
Project("{FAE04EC0-301F-11D3-BF4B-00C04F79EFBC}") = "example_001", "example_001\example_001.csproj", "{7B68BF77-19FE-4C77-855C-19EF5D189A08}"
EndProject
Global
	GlobalSection(SolutionConfigurationPlatforms) = preSolution
		Debug|Any CPU = Debug|Any CPU
		Release|Any CPU = Release|Any CPU
	EndGlobalSection
	GlobalSection(ProjectConfigurationPlatforms) = postSolution
		{7B68BF77-19FE-4C77-855C-19EF5D189A08}.Debug|Any CPU.ActiveCfg = Debug|Any CPU
		{7B68BF77-19FE-4C77-855C-19EF5D189A08}.Debug|Any CPU.Build.0 = Debug|Any CPU
		{7B68BF77-19FE-4C77-855C-19EF5D189A08}.Release|Any CPU.ActiveCfg = Release|Any CPU
		{7B68BF77-19FE-4C77-855C-19EF5D189A08}.Release|Any CPU.Build.0 = Release|Any CPU
	EndGlobalSection
	GlobalSection(SolutionProperties) = preSolution
		HideSolutionNode = FALSE
	EndGlobalSection
	GlobalSection(ExtensibilityGlobals) = postSolution
		SolutionGuid = {759B8B75-B7C2-466D-B2AF-F7957FB09EE0}
	EndGlobalSection
EndGlobal
