
Microsoft Visual Studio Solution File, Format Version 12.00
# Visual Studio Version 16
VisualStudioVersion = 16.0.29519.181
MinimumVisualStudioVersion = 10.0.40219.1
Project("{FAE04EC0-301F-11D3-BF4B-00C04F79EFBC}") = "study_001", "study_001\study_001.csproj", "{C346AA39-89E1-4E1D-A393-ABF037504970}"
EndProject
Global
	GlobalSection(SolutionConfigurationPlatforms) = preSolution
		Debug|Any CPU = Debug|Any CPU
		Release|Any CPU = Release|Any CPU
	EndGlobalSection
	GlobalSection(ProjectConfigurationPlatforms) = postSolution
		{C346AA39-89E1-4E1D-A393-ABF037504970}.Debug|Any CPU.ActiveCfg = Debug|Any CPU
		{C346AA39-89E1-4E1D-A393-ABF037504970}.Debug|Any CPU.Build.0 = Debug|Any CPU
		{C346AA39-89E1-4E1D-A393-ABF037504970}.Release|Any CPU.ActiveCfg = Release|Any CPU
		{C346AA39-89E1-4E1D-A393-ABF037504970}.Release|Any CPU.Build.0 = Release|Any CPU
	EndGlobalSection
	GlobalSection(SolutionProperties) = preSolution
		HideSolutionNode = FALSE
	EndGlobalSection
	GlobalSection(ExtensibilityGlobals) = postSolution
		SolutionGuid = {247774A5-8461-4C20-800A-C6553735CF05}
	EndGlobalSection
EndGlobal
