
Microsoft Visual Studio Solution File, Format Version 12.00
# Visual Studio Version 16
VisualStudioVersion = 16.0.29519.181
MinimumVisualStudioVersion = 10.0.40219.1
Project("{FAE04EC0-301F-11D3-BF4B-00C04F79EFBC}") = "example_001", "example_001\example_001.csproj", "{8B8643F4-F943-4EBC-B24E-DBC76CCFC9F5}"
EndProject
Global
	GlobalSection(SolutionConfigurationPlatforms) = preSolution
		Debug|Any CPU = Debug|Any CPU
		Release|Any CPU = Release|Any CPU
	EndGlobalSection
	GlobalSection(ProjectConfigurationPlatforms) = postSolution
		{8B8643F4-F943-4EBC-B24E-DBC76CCFC9F5}.Debug|Any CPU.ActiveCfg = Debug|Any CPU
		{8B8643F4-F943-4EBC-B24E-DBC76CCFC9F5}.Debug|Any CPU.Build.0 = Debug|Any CPU
		{8B8643F4-F943-4EBC-B24E-DBC76CCFC9F5}.Release|Any CPU.ActiveCfg = Release|Any CPU
		{8B8643F4-F943-4EBC-B24E-DBC76CCFC9F5}.Release|Any CPU.Build.0 = Release|Any CPU
	EndGlobalSection
	GlobalSection(SolutionProperties) = preSolution
		HideSolutionNode = FALSE
	EndGlobalSection
	GlobalSection(ExtensibilityGlobals) = postSolution
		SolutionGuid = {BE56871E-5E58-4CD9-8A72-1F41F61216F4}
	EndGlobalSection
EndGlobal
